# THIS IS AN AUTOGENERATED FILE. DO NOT EDIT THIS FILE DIRECTLY.
# yarn lockfile v1


big-rat@^1.0.4:
  version "1.0.4"
  resolved "https://registry.yarnpkg.com/big-rat/-/big-rat-1.0.4.tgz#768d093bb57930dd18ed575c7fca27dc5391adea"
  integrity sha1-do0JO7V5MN0Y7Vdcf8on3FORreo=
  dependencies:
    bit-twiddle "^1.0.2"
    bn.js "^4.11.6"
    double-bits "^1.1.1"

bit-twiddle@^1.0.2:
  version "1.0.2"
  resolved "https://registry.yarnpkg.com/bit-twiddle/-/bit-twiddle-1.0.2.tgz#0c6c1fabe2b23d17173d9a61b7b7093eb9e1769e"
  integrity sha1-DGwfq+KyPRcXPZpht7cJPrnhdp4=

bn.js@^4.11.6, bn.js@^4.11.8:
  version "4.11.8"
  resolved "https://registry.yarnpkg.com/bn.js/-/bn.js-4.11.8.tgz#2cde09eb5ee341f484746bb0309b3253b1b1442f"
  integrity sha512-ItfYfPLkWHUjckQCk8xC+LwxgK8NYcXywGigJgSwOP8Y2iyWT4f2vsZnoOXTTbo+o5yXmIUJ4gn5538SO5S3gA==

bs-platform@^4.0.18:
  version "4.0.18"
  resolved "https://registry.yarnpkg.com/bs-platform/-/bs-platform-4.0.18.tgz#d17b8693ba1f714d9b27e0ddb365f2069ba4b8a0"
  integrity sha512-BwzW0iYHvREqUZIgQxJmdJrxexppLvJxYQ4LLexbhCp7uZU5DIZ5ub4ZHpkCkc8fn8bsXWc+Rrejb3csi+BoAQ==

double-bits@^1.1.1:
  version "1.1.1"
  resolved "https://registry.yarnpkg.com/double-bits/-/double-bits-1.1.1.tgz#58abba45494da4d0fa36b73ad11a286c9184b1c6"
  integrity sha1-WKu6RUlNpND6Nrc60RoobJGEscY=

sciline-calculator@../sciline-calculator/:
  version "0.1.0"
  dependencies:
    big-rat "^1.0.4"
    bn.js "^4.11.8"
